// !$*UTF8*$!
{
	archiveVersion = 1;
	classes = {
	};
	objectVersion = 51;
	objects = {

/* Begin PBXBuildFile section */
		18E69B63AE862EBA501A7C11 /* Pods_RedditGallery_RedditGalleryUITests.framework in Frameworks */ = {isa = PBXBuildFile; fileRef = 595E5A09D2CAF6806568132E /* Pods_RedditGallery_RedditGalleryUITests.framework */; };
		30ECDEF82564477200F06E78 /* AppDelegate.swift in Sources */ = {isa = PBXBuildFile; fileRef = 30ECDEF72564477200F06E78 /* AppDelegate.swift */; };
		30ECDEFA2564477200F06E78 /* SceneDelegate.swift in Sources */ = {isa = PBXBuildFile; fileRef = 30ECDEF92564477200F06E78 /* SceneDelegate.swift */; };
		30ECDEFF2564477200F06E78 /* Main.storyboard in Resources */ = {isa = PBXBuildFile; fileRef = 30ECDEFD2564477200F06E78 /* Main.storyboard */; };
		30ECDF022564477200F06E78 /* RedditGallery.xcdatamodeld in Sources */ = {isa = PBXBuildFile; fileRef = 30ECDF002564477200F06E78 /* RedditGallery.xcdatamodeld */; };
		30ECDF042564477400F06E78 /* Assets.xcassets in Resources */ = {isa = PBXBuildFile; fileRef = 30ECDF032564477400F06E78 /* Assets.xcassets */; };
		30ECDF072564477400F06E78 /* LaunchScreen.storyboard in Resources */ = {isa = PBXBuildFile; fileRef = 30ECDF052564477400F06E78 /* LaunchScreen.storyboard */; };
		30ECDF122564477500F06E78 /* RedditGalleryTests.swift in Sources */ = {isa = PBXBuildFile; fileRef = 30ECDF112564477500F06E78 /* RedditGalleryTests.swift */; };
		30ECDF1D2564477500F06E78 /* RedditGalleryUITests.swift in Sources */ = {isa = PBXBuildFile; fileRef = 30ECDF1C2564477500F06E78 /* RedditGalleryUITests.swift */; };
		30ECDF5525644C4000F06E78 /* HomeViewController.swift in Sources */ = {isa = PBXBuildFile; fileRef = 30ECDF5425644C4000F06E78 /* HomeViewController.swift */; };
		30ECDF5E25644D2500F06E78 /* HomeRepo.swift in Sources */ = {isa = PBXBuildFile; fileRef = 30ECDF5D25644D2500F06E78 /* HomeRepo.swift */; };
		30ECDF6925644DCD00F06E78 /* Images.swift in Sources */ = {isa = PBXBuildFile; fileRef = 30ECDF6325644DCC00F06E78 /* Images.swift */; };
		30ECDF6A25644DCD00F06E78 /* RedditData.swift in Sources */ = {isa = PBXBuildFile; fileRef = 30ECDF6425644DCC00F06E78 /* RedditData.swift */; };
		30ECDF6B25644DCD00F06E78 /* RedditResult.swift in Sources */ = {isa = PBXBuildFile; fileRef = 30ECDF6525644DCD00F06E78 /* RedditResult.swift */; };
		30ECDF6C25644DCD00F06E78 /* Preview.swift in Sources */ = {isa = PBXBuildFile; fileRef = 30ECDF6625644DCD00F06E78 /* Preview.swift */; };
		30ECDF6D25644DCD00F06E78 /* Children.swift in Sources */ = {isa = PBXBuildFile; fileRef = 30ECDF6725644DCD00F06E78 /* Children.swift */; };
		30ECDF6E25644DCD00F06E78 /* Resolutions.swift in Sources */ = {isa = PBXBuildFile; fileRef = 30ECDF6825644DCD00F06E78 /* Resolutions.swift */; };
		30ECDF732564521F00F06E78 /* HomeCollectionViewCell.swift in Sources */ = {isa = PBXBuildFile; fileRef = 30ECDF722564521F00F06E78 /* HomeCollectionViewCell.swift */; };
		30ECDF78256452C100F06E78 /* RedditNavigationViewController.swift in Sources */ = {isa = PBXBuildFile; fileRef = 30ECDF77256452C100F06E78 /* RedditNavigationViewController.swift */; };
		30ECDF7E256471E200F06E78 /* RedditImageView.swift in Sources */ = {isa = PBXBuildFile; fileRef = 30ECDF7D256471E200F06E78 /* RedditImageView.swift */; };
		30ECDF902564757100F06E78 /* Extension.swift in Sources */ = {isa = PBXBuildFile; fileRef = 30ECDF8F2564757100F06E78 /* Extension.swift */; };
		30ECDF98256480A900F06E78 /* ImageDetailViewController.swift in Sources */ = {isa = PBXBuildFile; fileRef = 30ECDF97256480A900F06E78 /* ImageDetailViewController.swift */; };
		30ECDF9D2564810100F06E78 /* ImageDetailCollectionViewCell.swift in Sources */ = {isa = PBXBuildFile; fileRef = 30ECDF9C2564810100F06E78 /* ImageDetailCollectionViewCell.swift */; };
		30ECDFA225648ECD00F06E78 /* RedditCollectionFlowLayout.swift in Sources */ = {isa = PBXBuildFile; fileRef = 30ECDFA125648ECD00F06E78 /* RedditCollectionFlowLayout.swift */; };
		30ECDFBB256503C300F06E78 /* ImageDetailRepo.swift in Sources */ = {isa = PBXBuildFile; fileRef = 30ECDFBA256503C300F06E78 /* ImageDetailRepo.swift */; };
		30ECE0752565789A00F06E78 /* FontBook.swift in Sources */ = {isa = PBXBuildFile; fileRef = 30ECE0742565789A00F06E78 /* FontBook.swift */; };
		30ECE07A256578E500F06E78 /* RedditLabel.swift in Sources */ = {isa = PBXBuildFile; fileRef = 30ECE079256578E500F06E78 /* RedditLabel.swift */; };
		30ECE08B256592EC00F06E78 /* RedditSubtitleLabel.swift in Sources */ = {isa = PBXBuildFile; fileRef = 30ECE08A256592EC00F06E78 /* RedditSubtitleLabel.swift */; };
		680FAF615A5F6B55CBFFFF65 /* Pods_RedditGalleryTests.framework in Frameworks */ = {isa = PBXBuildFile; fileRef = A4E8147F95E8ED41906A5249 /* Pods_RedditGalleryTests.framework */; };
		AB39FB8D4E70B68622382E99 /* Pods_RedditGallery.framework in Frameworks */ = {isa = PBXBuildFile; fileRef = 4D607E59DFB8B76587249B11 /* Pods_RedditGallery.framework */; };
/* End PBXBuildFile section */

/* Begin PBXContainerItemProxy section */
		30ECDF0E2564477500F06E78 /* PBXContainerItemProxy */ = {
			isa = PBXContainerItemProxy;
			containerPortal = 30ECDEEC2564477200F06E78 /* Project object */;
			proxyType = 1;
			remoteGlobalIDString = 30ECDEF32564477200F06E78;
			remoteInfo = RedditGallery;
		};
		30ECDF192564477500F06E78 /* PBXContainerItemProxy */ = {
			isa = PBXContainerItemProxy;
			containerPortal = 30ECDEEC2564477200F06E78 /* Project object */;
			proxyType = 1;
			remoteGlobalIDString = 30ECDEF32564477200F06E78;
			remoteInfo = RedditGallery;
		};
/* End PBXContainerItemProxy section */

/* Begin PBXFileReference section */
		30ECDEF42564477200F06E78 /* RedditGallery.app */ = {isa = PBXFileReference; explicitFileType = wrapper.application; includeInIndex = 0; path = RedditGallery.app; sourceTree = BUILT_PRODUCTS_DIR; };
		30ECDEF72564477200F06E78 /* AppDelegate.swift */ = {isa = PBXFileReference; lastKnownFileType = sourcecode.swift; path = AppDelegate.swift; sourceTree = "<group>"; };
		30ECDEF92564477200F06E78 /* SceneDelegate.swift */ = {isa = PBXFileReference; lastKnownFileType = sourcecode.swift; path = SceneDelegate.swift; sourceTree = "<group>"; };
		30ECDEFE2564477200F06E78 /* Base */ = {isa = PBXFileReference; lastKnownFileType = file.storyboard; name = Base; path = Base.lproj/Main.storyboard; sourceTree = "<group>"; };
		30ECDF012564477200F06E78 /* RedditGallery.xcdatamodel */ = {isa = PBXFileReference; lastKnownFileType = wrapper.xcdatamodel; path = RedditGallery.xcdatamodel; sourceTree = "<group>"; };
		30ECDF032564477400F06E78 /* Assets.xcassets */ = {isa = PBXFileReference; lastKnownFileType = folder.assetcatalog; path = Assets.xcassets; sourceTree = "<group>"; };
		30ECDF062564477400F06E78 /* Base */ = {isa = PBXFileReference; lastKnownFileType = file.storyboard; name = Base; path = Base.lproj/LaunchScreen.storyboard; sourceTree = "<group>"; };
		30ECDF082564477400F06E78 /* Info.plist */ = {isa = PBXFileReference; lastKnownFileType = text.plist.xml; path = Info.plist; sourceTree = "<group>"; };
		30ECDF0D2564477500F06E78 /* RedditGalleryTests.xctest */ = {isa = PBXFileReference; explicitFileType = wrapper.cfbundle; includeInIndex = 0; path = RedditGalleryTests.xctest; sourceTree = BUILT_PRODUCTS_DIR; };
		30ECDF112564477500F06E78 /* RedditGalleryTests.swift */ = {isa = PBXFileReference; lastKnownFileType = sourcecode.swift; path = RedditGalleryTests.swift; sourceTree = "<group>"; };
		30ECDF132564477500F06E78 /* Info.plist */ = {isa = PBXFileReference; lastKnownFileType = text.plist.xml; path = Info.plist; sourceTree = "<group>"; };
		30ECDF182564477500F06E78 /* RedditGalleryUITests.xctest */ = {isa = PBXFileReference; explicitFileType = wrapper.cfbundle; includeInIndex = 0; path = RedditGalleryUITests.xctest; sourceTree = BUILT_PRODUCTS_DIR; };
		30ECDF1C2564477500F06E78 /* RedditGalleryUITests.swift */ = {isa = PBXFileReference; lastKnownFileType = sourcecode.swift; path = RedditGalleryUITests.swift; sourceTree = "<group>"; };
		30ECDF1E2564477500F06E78 /* Info.plist */ = {isa = PBXFileReference; lastKnownFileType = text.plist.xml; path = Info.plist; sourceTree = "<group>"; };
		30ECDF3E2564491200F06E78 /* RedditGallery.entitlements */ = {isa = PBXFileReference; lastKnownFileType = text.plist.entitlements; path = RedditGallery.entitlements; sourceTree = "<group>"; };
		30ECDF5425644C4000F06E78 /* HomeViewController.swift */ = {isa = PBXFileReference; lastKnownFileType = sourcecode.swift; path = HomeViewController.swift; sourceTree = "<group>"; };
		30ECDF5D25644D2500F06E78 /* HomeRepo.swift */ = {isa = PBXFileReference; lastKnownFileType = sourcecode.swift; path = HomeRepo.swift; sourceTree = "<group>"; };
		30ECDF6325644DCC00F06E78 /* Images.swift */ = {isa = PBXFileReference; fileEncoding = 4; lastKnownFileType = sourcecode.swift; path = Images.swift; sourceTree = "<group>"; };
		30ECDF6425644DCC00F06E78 /* RedditData.swift */ = {isa = PBXFileReference; fileEncoding = 4; lastKnownFileType = sourcecode.swift; path = RedditData.swift; sourceTree = "<group>"; };
		30ECDF6525644DCD00F06E78 /* RedditResult.swift */ = {isa = PBXFileReference; fileEncoding = 4; lastKnownFileType = sourcecode.swift; path = RedditResult.swift; sourceTree = "<group>"; };
		30ECDF6625644DCD00F06E78 /* Preview.swift */ = {isa = PBXFileReference; fileEncoding = 4; lastKnownFileType = sourcecode.swift; path = Preview.swift; sourceTree = "<group>"; };
		30ECDF6725644DCD00F06E78 /* Children.swift */ = {isa = PBXFileReference; fileEncoding = 4; lastKnownFileType = sourcecode.swift; path = Children.swift; sourceTree = "<group>"; };
		30ECDF6825644DCD00F06E78 /* Resolutions.swift */ = {isa = PBXFileReference; fileEncoding = 4; lastKnownFileType = sourcecode.swift; path = Resolutions.swift; sourceTree = "<group>"; };
		30ECDF722564521F00F06E78 /* HomeCollectionViewCell.swift */ = {isa = PBXFileReference; lastKnownFileType = sourcecode.swift; path = HomeCollectionViewCell.swift; sourceTree = "<group>"; };
		30ECDF77256452C100F06E78 /* RedditNavigationViewController.swift */ = {isa = PBXFileReference; lastKnownFileType = sourcecode.swift; path = RedditNavigationViewController.swift; sourceTree = "<group>"; };
		30ECDF7D256471E200F06E78 /* RedditImageView.swift */ = {isa = PBXFileReference; lastKnownFileType = sourcecode.swift; path = RedditImageView.swift; sourceTree = "<group>"; };
		30ECDF8F2564757100F06E78 /* Extension.swift */ = {isa = PBXFileReference; lastKnownFileType = sourcecode.swift; path = Extension.swift; sourceTree = "<group>"; };
		30ECDF97256480A900F06E78 /* ImageDetailViewController.swift */ = {isa = PBXFileReference; lastKnownFileType = sourcecode.swift; path = ImageDetailViewController.swift; sourceTree = "<group>"; };
		30ECDF9C2564810100F06E78 /* ImageDetailCollectionViewCell.swift */ = {isa = PBXFileReference; lastKnownFileType = sourcecode.swift; path = ImageDetailCollectionViewCell.swift; sourceTree = "<group>"; };
		30ECDFA125648ECD00F06E78 /* RedditCollectionFlowLayout.swift */ = {isa = PBXFileReference; lastKnownFileType = sourcecode.swift; path = RedditCollectionFlowLayout.swift; sourceTree = "<group>"; };
		30ECDFBA256503C300F06E78 /* ImageDetailRepo.swift */ = {isa = PBXFileReference; lastKnownFileType = sourcecode.swift; path = ImageDetailRepo.swift; sourceTree = "<group>"; };
		30ECE0742565789A00F06E78 /* FontBook.swift */ = {isa = PBXFileReference; lastKnownFileType = sourcecode.swift; path = FontBook.swift; sourceTree = "<group>"; };
		30ECE079256578E500F06E78 /* RedditLabel.swift */ = {isa = PBXFileReference; lastKnownFileType = sourcecode.swift; path = RedditLabel.swift; sourceTree = "<group>"; };
		30ECE08A256592EC00F06E78 /* RedditSubtitleLabel.swift */ = {isa = PBXFileReference; lastKnownFileType = sourcecode.swift; path = RedditSubtitleLabel.swift; sourceTree = "<group>"; };
		3E96F05935754237D5C452AA /* Pods-RedditGalleryTests.release.xcconfig */ = {isa = PBXFileReference; includeInIndex = 1; lastKnownFileType = text.xcconfig; name = "Pods-RedditGalleryTests.release.xcconfig"; path = "Target Support Files/Pods-RedditGalleryTests/Pods-RedditGalleryTests.release.xcconfig"; sourceTree = "<group>"; };
		4D607E59DFB8B76587249B11 /* Pods_RedditGallery.framework */ = {isa = PBXFileReference; explicitFileType = wrapper.framework; includeInIndex = 0; path = Pods_RedditGallery.framework; sourceTree = BUILT_PRODUCTS_DIR; };
		4DEF02D0593445530A294D54 /* Pods-RedditGallery.debug.xcconfig */ = {isa = PBXFileReference; includeInIndex = 1; lastKnownFileType = text.xcconfig; name = "Pods-RedditGallery.debug.xcconfig"; path = "Target Support Files/Pods-RedditGallery/Pods-RedditGallery.debug.xcconfig"; sourceTree = "<group>"; };
		595E5A09D2CAF6806568132E /* Pods_RedditGallery_RedditGalleryUITests.framework */ = {isa = PBXFileReference; explicitFileType = wrapper.framework; includeInIndex = 0; path = Pods_RedditGallery_RedditGalleryUITests.framework; sourceTree = BUILT_PRODUCTS_DIR; };
		63B440B04D0EAA1D089A1DA1 /* Pods-RedditGalleryTests.debug.xcconfig */ = {isa = PBXFileReference; includeInIndex = 1; lastKnownFileType = text.xcconfig; name = "Pods-RedditGalleryTests.debug.xcconfig"; path = "Target Support Files/Pods-RedditGalleryTests/Pods-RedditGalleryTests.debug.xcconfig"; sourceTree = "<group>"; };
		77F6170B6FBB4140465DB5CA /* Pods-RedditGallery-RedditGalleryUITests.release.xcconfig */ = {isa = PBXFileReference; includeInIndex = 1; lastKnownFileType = text.xcconfig; name = "Pods-RedditGallery-RedditGalleryUITests.release.xcconfig"; path = "Target Support Files/Pods-RedditGallery-RedditGalleryUITests/Pods-RedditGallery-RedditGalleryUITests.release.xcconfig"; sourceTree = "<group>"; };
		7F5304702D09584EDE96A71A /* Pods-RedditGallery-RedditGalleryUITests.debug.xcconfig */ = {isa = PBXFileReference; includeInIndex = 1; lastKnownFileType = text.xcconfig; name = "Pods-RedditGallery-RedditGalleryUITests.debug.xcconfig"; path = "Target Support Files/Pods-RedditGallery-RedditGalleryUITests/Pods-RedditGallery-RedditGalleryUITests.debug.xcconfig"; sourceTree = "<group>"; };
		A4E8147F95E8ED41906A5249 /* Pods_RedditGalleryTests.framework */ = {isa = PBXFileReference; explicitFileType = wrapper.framework; includeInIndex = 0; path = Pods_RedditGalleryTests.framework; sourceTree = BUILT_PRODUCTS_DIR; };
		C28C6CA4996F026C62DD7F95 /* Pods-RedditGallery.release.xcconfig */ = {isa = PBXFileReference; includeInIndex = 1; lastKnownFileType = text.xcconfig; name = "Pods-RedditGallery.release.xcconfig"; path = "Target Support Files/Pods-RedditGallery/Pods-RedditGallery.release.xcconfig"; sourceTree = "<group>"; };
/* End PBXFileReference section */

/* Begin PBXFrameworksBuildPhase section */
		30ECDEF12564477200F06E78 /* Frameworks */ = {
			isa = PBXFrameworksBuildPhase;
			buildActionMask = 2147483647;
			files = (
				AB39FB8D4E70B68622382E99 /* Pods_RedditGallery.framework in Frameworks */,
			);
			runOnlyForDeploymentPostprocessing = 0;
		};
		30ECDF0A2564477500F06E78 /* Frameworks */ = {
			isa = PBXFrameworksBuildPhase;
			buildActionMask = 2147483647;
			files = (
				680FAF615A5F6B55CBFFFF65 /* Pods_RedditGalleryTests.framework in Frameworks */,
			);
			runOnlyForDeploymentPostprocessing = 0;
		};
		30ECDF152564477500F06E78 /* Frameworks */ = {
			isa = PBXFrameworksBuildPhase;
			buildActionMask = 2147483647;
			files = (
				18E69B63AE862EBA501A7C11 /* Pods_RedditGallery_RedditGalleryUITests.framework in Frameworks */,
			);
			runOnlyForDeploymentPostprocessing = 0;
		};
/* End PBXFrameworksBuildPhase section */

/* Begin PBXGroup section */
		30ECDEEB2564477200F06E78 = {
			isa = PBXGroup;
			children = (
				30ECDEF62564477200F06E78 /* RedditGallery */,
				30ECDF102564477500F06E78 /* RedditGalleryTests */,
				30ECDF1B2564477500F06E78 /* RedditGalleryUITests */,
				30ECDEF52564477200F06E78 /* Products */,
				BD62A8CC4E191701AF20F079 /* Pods */,
				FA0F85755A1A332BF2F30F74 /* Frameworks */,
			);
			sourceTree = "<group>";
		};
		30ECDEF52564477200F06E78 /* Products */ = {
			isa = PBXGroup;
			children = (
				30ECDEF42564477200F06E78 /* RedditGallery.app */,
				30ECDF0D2564477500F06E78 /* RedditGalleryTests.xctest */,
				30ECDF182564477500F06E78 /* RedditGalleryUITests.xctest */,
			);
			name = Products;
			sourceTree = "<group>";
		};
		30ECDEF62564477200F06E78 /* RedditGallery */ = {
			isa = PBXGroup;
			children = (
				30ECDF3E2564491200F06E78 /* RedditGallery.entitlements */,
				30ECDEF72564477200F06E78 /* AppDelegate.swift */,
				30ECDEF92564477200F06E78 /* SceneDelegate.swift */,
				30ECDF7C2564706700F06E78 /* CustomView */,
				30ECDFB32565021300F06E78 /* Utility */,
				30ECDF6225644DBE00F06E78 /* Models */,
				30ECDF5925644C4800F06E78 /* Home */,
				30ECDFB2256501FD00F06E78 /* Detail */,
				30ECDF032564477400F06E78 /* Assets.xcassets */,
				30ECDF052564477400F06E78 /* LaunchScreen.storyboard */,
				30ECDF082564477400F06E78 /* Info.plist */,
				30ECDF002564477200F06E78 /* RedditGallery.xcdatamodeld */,
			);
			path = RedditGallery;
			sourceTree = "<group>";
		};
		30ECDF102564477500F06E78 /* RedditGalleryTests */ = {
			isa = PBXGroup;
			children = (
				30ECDF112564477500F06E78 /* RedditGalleryTests.swift */,
				30ECDF132564477500F06E78 /* Info.plist */,
			);
			path = RedditGalleryTests;
			sourceTree = "<group>";
		};
		30ECDF1B2564477500F06E78 /* RedditGalleryUITests */ = {
			isa = PBXGroup;
			children = (
				30ECDF1C2564477500F06E78 /* RedditGalleryUITests.swift */,
				30ECDF1E2564477500F06E78 /* Info.plist */,
			);
			path = RedditGalleryUITests;
			sourceTree = "<group>";
		};
		30ECDF5925644C4800F06E78 /* Home */ = {
			isa = PBXGroup;
			children = (
				30ECDEFD2564477200F06E78 /* Main.storyboard */,
				30ECDF5425644C4000F06E78 /* HomeViewController.swift */,
				30ECDF5D25644D2500F06E78 /* HomeRepo.swift */,
				30ECDF722564521F00F06E78 /* HomeCollectionViewCell.swift */,
			);
			path = Home;
			sourceTree = "<group>";
		};
		30ECDF6225644DBE00F06E78 /* Models */ = {
			isa = PBXGroup;
			children = (
				30ECDF6725644DCD00F06E78 /* Children.swift */,
				30ECDF6325644DCC00F06E78 /* Images.swift */,
				30ECDF6625644DCD00F06E78 /* Preview.swift */,
				30ECDF6425644DCC00F06E78 /* RedditData.swift */,
				30ECDF6525644DCD00F06E78 /* RedditResult.swift */,
				30ECDF6825644DCD00F06E78 /* Resolutions.swift */,
			);
			path = Models;
			sourceTree = "<group>";
		};
		30ECDF7C2564706700F06E78 /* CustomView */ = {
			isa = PBXGroup;
			children = (
				30ECDF77256452C100F06E78 /* RedditNavigationViewController.swift */,
				30ECDF7D256471E200F06E78 /* RedditImageView.swift */,
				30ECE079256578E500F06E78 /* RedditLabel.swift */,
				30ECE08A256592EC00F06E78 /* RedditSubtitleLabel.swift */,
			);
			path = CustomView;
			sourceTree = "<group>";
		};
		30ECDFB2256501FD00F06E78 /* Detail */ = {
			isa = PBXGroup;
			children = (
				30ECDF97256480A900F06E78 /* ImageDetailViewController.swift */,
				30ECDFA125648ECD00F06E78 /* RedditCollectionFlowLayout.swift */,
				30ECDF9C2564810100F06E78 /* ImageDetailCollectionViewCell.swift */,
				30ECDFBA256503C300F06E78 /* ImageDetailRepo.swift */,
			);
			path = Detail;
			sourceTree = "<group>";
		};
		30ECDFB32565021300F06E78 /* Utility */ = {
			isa = PBXGroup;
			children = (
				30ECDF8F2564757100F06E78 /* Extension.swift */,
				30ECE0742565789A00F06E78 /* FontBook.swift */,
			);
			path = Utility;
			sourceTree = "<group>";
		};
		BD62A8CC4E191701AF20F079 /* Pods */ = {
			isa = PBXGroup;
			children = (
				4DEF02D0593445530A294D54 /* Pods-RedditGallery.debug.xcconfig */,
				C28C6CA4996F026C62DD7F95 /* Pods-RedditGallery.release.xcconfig */,
				7F5304702D09584EDE96A71A /* Pods-RedditGallery-RedditGalleryUITests.debug.xcconfig */,
				77F6170B6FBB4140465DB5CA /* Pods-RedditGallery-RedditGalleryUITests.release.xcconfig */,
				63B440B04D0EAA1D089A1DA1 /* Pods-RedditGalleryTests.debug.xcconfig */,
				3E96F05935754237D5C452AA /* Pods-RedditGalleryTests.release.xcconfig */,
			);
			path = Pods;
			sourceTree = "<group>";
		};
		FA0F85755A1A332BF2F30F74 /* Frameworks */ = {
			isa = PBXGroup;
			children = (
				4D607E59DFB8B76587249B11 /* Pods_RedditGallery.framework */,
				595E5A09D2CAF6806568132E /* Pods_RedditGallery_RedditGalleryUITests.framework */,
				A4E8147F95E8ED41906A5249 /* Pods_RedditGalleryTests.framework */,
			);
			name = Frameworks;
			sourceTree = "<group>";
		};
/* End PBXGroup section */

/* Begin PBXNativeTarget section */
		30ECDEF32564477200F06E78 /* RedditGallery */ = {
			isa = PBXNativeTarget;
			buildConfigurationList = 30ECDF212564477500F06E78 /* Build configuration list for PBXNativeTarget "RedditGallery" */;
			buildPhases = (
				AAD24A736977570277DA9525 /* [CP] Check Pods Manifest.lock */,
				30ECDEF02564477200F06E78 /* Sources */,
				30ECDEF12564477200F06E78 /* Frameworks */,
				30ECDEF22564477200F06E78 /* Resources */,
				1A87B48088F1A81E86FD5169 /* [CP] Embed Pods Frameworks */,
			);
			buildRules = (
			);
			dependencies = (
			);
			name = RedditGallery;
			productName = RedditGallery;
			productReference = 30ECDEF42564477200F06E78 /* RedditGallery.app */;
			productType = "com.apple.product-type.application";
		};
		30ECDF0C2564477500F06E78 /* RedditGalleryTests */ = {
			isa = PBXNativeTarget;
			buildConfigurationList = 30ECDF242564477500F06E78 /* Build configuration list for PBXNativeTarget "RedditGalleryTests" */;
			buildPhases = (
				C9E4B8110EB121E87D405B77 /* [CP] Check Pods Manifest.lock */,
				30ECDF092564477500F06E78 /* Sources */,
				30ECDF0A2564477500F06E78 /* Frameworks */,
				30ECDF0B2564477500F06E78 /* Resources */,
			);
			buildRules = (
			);
			dependencies = (
				30ECDF0F2564477500F06E78 /* PBXTargetDependency */,
			);
			name = RedditGalleryTests;
			productName = RedditGalleryTests;
			productReference = 30ECDF0D2564477500F06E78 /* RedditGalleryTests.xctest */;
			productType = "com.apple.product-type.bundle.unit-test";
		};
		30ECDF172564477500F06E78 /* RedditGalleryUITests */ = {
			isa = PBXNativeTarget;
			buildConfigurationList = 30ECDF272564477500F06E78 /* Build configuration list for PBXNativeTarget "RedditGalleryUITests" */;
			buildPhases = (
				EF4A5A4990EC32F17C0A3CF3 /* [CP] Check Pods Manifest.lock */,
				30ECDF142564477500F06E78 /* Sources */,
				30ECDF152564477500F06E78 /* Frameworks */,
				30ECDF162564477500F06E78 /* Resources */,
				E5EA3F3DDBD584F9F5423BD4 /* [CP] Embed Pods Frameworks */,
			);
			buildRules = (
			);
			dependencies = (
				30ECDF1A2564477500F06E78 /* PBXTargetDependency */,
			);
			name = RedditGalleryUITests;
			productName = RedditGalleryUITests;
			productReference = 30ECDF182564477500F06E78 /* RedditGalleryUITests.xctest */;
			productType = "com.apple.product-type.bundle.ui-testing";
		};
/* End PBXNativeTarget section */

/* Begin PBXProject section */
		30ECDEEC2564477200F06E78 /* Project object */ = {
			isa = PBXProject;
			attributes = {
				LastSwiftUpdateCheck = 1210;
				LastUpgradeCheck = 1210;
				TargetAttributes = {
					30ECDEF32564477200F06E78 = {
						CreatedOnToolsVersion = 12.1;
					};
					30ECDF0C2564477500F06E78 = {
						CreatedOnToolsVersion = 12.1;
						TestTargetID = 30ECDEF32564477200F06E78;
					};
					30ECDF172564477500F06E78 = {
						CreatedOnToolsVersion = 12.1;
						TestTargetID = 30ECDEF32564477200F06E78;
					};
				};
			};
			buildConfigurationList = 30ECDEEF2564477200F06E78 /* Build configuration list for PBXProject "RedditGallery" */;
			compatibilityVersion = "Xcode 9.3";
			developmentRegion = en;
			hasScannedForEncodings = 0;
			knownRegions = (
				en,
				Base,
			);
			mainGroup = 30ECDEEB2564477200F06E78;
			productRefGroup = 30ECDEF52564477200F06E78 /* Products */;
			projectDirPath = "";
			projectRoot = "";
			targets = (
				30ECDEF32564477200F06E78 /* RedditGallery */,
				30ECDF0C2564477500F06E78 /* RedditGalleryTests */,
				30ECDF172564477500F06E78 /* RedditGalleryUITests */,
			);
		};
/* End PBXProject section */

/* Begin PBXResourcesBuildPhase section */
		30ECDEF22564477200F06E78 /* Resources */ = {
			isa = PBXResourcesBuildPhase;
			buildActionMask = 2147483647;
			files = (
				30ECDF072564477400F06E78 /* LaunchScreen.storyboard in Resources */,
				30ECDF042564477400F06E78 /* Assets.xcassets in Resources */,
				30ECDEFF2564477200F06E78 /* Main.storyboard in Resources */,
			);
			runOnlyForDeploymentPostprocessing = 0;
		};
		30ECDF0B2564477500F06E78 /* Resources */ = {
			isa = PBXResourcesBuildPhase;
			buildActionMask = 2147483647;
			files = (
			);
			runOnlyForDeploymentPostprocessing = 0;
		};
		30ECDF162564477500F06E78 /* Resources */ = {
			isa = PBXResourcesBuildPhase;
			buildActionMask = 2147483647;
			files = (
			);
			runOnlyForDeploymentPostprocessing = 0;
		};
/* End PBXResourcesBuildPhase section */

/* Begin PBXShellScriptBuildPhase section */
		1A87B48088F1A81E86FD5169 /* [CP] Embed Pods Frameworks */ = {
			isa = PBXShellScriptBuildPhase;
			buildActionMask = 2147483647;
			files = (
			);
			inputFileListPaths = (
				"${PODS_ROOT}/Target Support Files/Pods-RedditGallery/Pods-RedditGallery-frameworks-${CONFIGURATION}-input-files.xcfilelist",
			);
			name = "[CP] Embed Pods Frameworks";
			outputFileListPaths = (
				"${PODS_ROOT}/Target Support Files/Pods-RedditGallery/Pods-RedditGallery-frameworks-${CONFIGURATION}-output-files.xcfilelist",
			);
			runOnlyForDeploymentPostprocessing = 0;
			shellPath = /bin/sh;
			shellScript = "\"${PODS_ROOT}/Target Support Files/Pods-RedditGallery/Pods-RedditGallery-frameworks.sh\"\n";
			showEnvVarsInLog = 0;
		};
		AAD24A736977570277DA9525 /* [CP] Check Pods Manifest.lock */ = {
			isa = PBXShellScriptBuildPhase;
			buildActionMask = 2147483647;
			files = (
			);
			inputFileListPaths = (
			);
			inputPaths = (
				"${PODS_PODFILE_DIR_PATH}/Podfile.lock",
				"${PODS_ROOT}/Manifest.lock",
			);
			name = "[CP] Check Pods Manifest.lock";
			outputFileListPaths = (
			);
			outputPaths = (
				"$(DERIVED_FILE_DIR)/Pods-RedditGallery-checkManifestLockResult.txt",
			);
			runOnlyForDeploymentPostprocessing = 0;
			shellPath = /bin/sh;
			shellScript = "diff \"${PODS_PODFILE_DIR_PATH}/Podfile.lock\" \"${PODS_ROOT}/Manifest.lock\" > /dev/null\nif [ $? != 0 ] ; then\n    # print error to STDERR\n    echo \"error: The sandbox is not in sync with the Podfile.lock. Run 'pod install' or update your CocoaPods installation.\" >&2\n    exit 1\nfi\n# This output is used by Xcode 'outputs' to avoid re-running this script phase.\necho \"SUCCESS\" > \"${SCRIPT_OUTPUT_FILE_0}\"\n";
			showEnvVarsInLog = 0;
		};
		C9E4B8110EB121E87D405B77 /* [CP] Check Pods Manifest.lock */ = {
			isa = PBXShellScriptBuildPhase;
			buildActionMask = 2147483647;
			files = (
			);
			inputFileListPaths = (
			);
			inputPaths = (
				"${PODS_PODFILE_DIR_PATH}/Podfile.lock",
				"${PODS_ROOT}/Manifest.lock",
			);
			name = "[CP] Check Pods Manifest.lock";
			outputFileListPaths = (
			);
			outputPaths = (
				"$(DERIVED_FILE_DIR)/Pods-RedditGalleryTests-checkManifestLockResult.txt",
			);
			runOnlyForDeploymentPostprocessing = 0;
			shellPath = /bin/sh;
			shellScript = "diff \"${PODS_PODFILE_DIR_PATH}/Podfile.lock\" \"${PODS_ROOT}/Manifest.lock\" > /dev/null\nif [ $? != 0 ] ; then\n    # print error to STDERR\n    echo \"error: The sandbox is not in sync with the Podfile.lock. Run 'pod install' or update your CocoaPods installation.\" >&2\n    exit 1\nfi\n# This output is used by Xcode 'outputs' to avoid re-running this script phase.\necho \"SUCCESS\" > \"${SCRIPT_OUTPUT_FILE_0}\"\n";
			showEnvVarsInLog = 0;
		};
		E5EA3F3DDBD584F9F5423BD4 /* [CP] Embed Pods Frameworks */ = {
			isa = PBXShellScriptBuildPhase;
			buildActionMask = 2147483647;
			files = (
			);
			inputFileListPaths = (
				"${PODS_ROOT}/Target Support Files/Pods-RedditGallery-RedditGalleryUITests/Pods-RedditGallery-RedditGalleryUITests-frameworks-${CONFIGURATION}-input-files.xcfilelist",
			);
			name = "[CP] Embed Pods Frameworks";
			outputFileListPaths = (
				"${PODS_ROOT}/Target Support Files/Pods-RedditGallery-RedditGalleryUITests/Pods-RedditGallery-RedditGalleryUITests-frameworks-${CONFIGURATION}-output-files.xcfilelist",
			);
			runOnlyForDeploymentPostprocessing = 0;
			shellPath = /bin/sh;
			shellScript = "\"${PODS_ROOT}/Target Support Files/Pods-RedditGallery-RedditGalleryUITests/Pods-RedditGallery-RedditGalleryUITests-frameworks.sh\"\n";
			showEnvVarsInLog = 0;
		};
		EF4A5A4990EC32F17C0A3CF3 /* [CP] Check Pods Manifest.lock */ = {
			isa = PBXShellScriptBuildPhase;
			buildActionMask = 2147483647;
			files = (
			);
			inputFileListPaths = (
			);
			inputPaths = (
				"${PODS_PODFILE_DIR_PATH}/Podfile.lock",
				"${PODS_ROOT}/Manifest.lock",
			);
			name = "[CP] Check Pods Manifest.lock";
			outputFileListPaths = (
			);
			outputPaths = (
				"$(DERIVED_FILE_DIR)/Pods-RedditGallery-RedditGalleryUITests-checkManifestLockResult.txt",
			);
			runOnlyForDeploymentPostprocessing = 0;
			shellPath = /bin/sh;
			shellScript = "diff \"${PODS_PODFILE_DIR_PATH}/Podfile.lock\" \"${PODS_ROOT}/Manifest.lock\" > /dev/null\nif [ $? != 0 ] ; then\n    # print error to STDERR\n    echo \"error: The sandbox is not in sync with the Podfile.lock. Run 'pod install' or update your CocoaPods installation.\" >&2\n    exit 1\nfi\n# This output is used by Xcode 'outputs' to avoid re-running this script phase.\necho \"SUCCESS\" > \"${SCRIPT_OUTPUT_FILE_0}\"\n";
			showEnvVarsInLog = 0;
		};
/* End PBXShellScriptBuildPhase section */

/* Begin PBXSourcesBuildPhase section */
		30ECDEF02564477200F06E78 /* Sources */ = {
			isa = PBXSourcesBuildPhase;
			buildActionMask = 2147483647;
			files = (
				30ECDF902564757100F06E78 /* Extension.swift in Sources */,
				30ECDF6B25644DCD00F06E78 /* RedditResult.swift in Sources */,
				30ECDEF82564477200F06E78 /* AppDelegate.swift in Sources */,
				30ECDF6D25644DCD00F06E78 /* Children.swift in Sources */,
				30ECDF6925644DCD00F06E78 /* Images.swift in Sources */,
				30ECE07A256578E500F06E78 /* RedditLabel.swift in Sources */,
				30ECDF022564477200F06E78 /* RedditGallery.xcdatamodeld in Sources */,
				30ECDFA225648ECD00F06E78 /* RedditCollectionFlowLayout.swift in Sources */,
				30ECDF6E25644DCD00F06E78 /* Resolutions.swift in Sources */,
				30ECDEFA2564477200F06E78 /* SceneDelegate.swift in Sources */,
				30ECE08B256592EC00F06E78 /* RedditSubtitleLabel.swift in Sources */,
				30ECDF5525644C4000F06E78 /* HomeViewController.swift in Sources */,
				30ECDF6A25644DCD00F06E78 /* RedditData.swift in Sources */,
				30ECDF6C25644DCD00F06E78 /* Preview.swift in Sources */,
				30ECDF78256452C100F06E78 /* RedditNavigationViewController.swift in Sources */,
				30ECDF5E25644D2500F06E78 /* HomeRepo.swift in Sources */,
				30ECDF7E256471E200F06E78 /* RedditImageView.swift in Sources */,
				30ECDFBB256503C300F06E78 /* ImageDetailRepo.swift in Sources */,
				30ECDF732564521F00F06E78 /* HomeCollectionViewCell.swift in Sources */,
				30ECDF98256480A900F06E78 /* ImageDetailViewController.swift in Sources */,
				30ECDF9D2564810100F06E78 /* ImageDetailCollectionViewCell.swift in Sources */,
				30ECE0752565789A00F06E78 /* FontBook.swift in Sources */,
			);
			runOnlyForDeploymentPostprocessing = 0;
		};
		30ECDF092564477500F06E78 /* Sources */ = {
			isa = PBXSourcesBuildPhase;
			buildActionMask = 2147483647;
			files = (
				30ECDF122564477500F06E78 /* RedditGalleryTests.swift in Sources */,
			);
			runOnlyForDeploymentPostprocessing = 0;
		};
		30ECDF142564477500F06E78 /* Sources */ = {
			isa = PBXSourcesBuildPhase;
			buildActionMask = 2147483647;
			files = (
				30ECDF1D2564477500F06E78 /* RedditGalleryUITests.swift in Sources */,
			);
			runOnlyForDeploymentPostprocessing = 0;
		};
/* End PBXSourcesBuildPhase section */

/* Begin PBXTargetDependency section */
		30ECDF0F2564477500F06E78 /* PBXTargetDependency */ = {
			isa = PBXTargetDependency;
			target = 30ECDEF32564477200F06E78 /* RedditGallery */;
			targetProxy = 30ECDF0E2564477500F06E78 /* PBXContainerItemProxy */;
		};
		30ECDF1A2564477500F06E78 /* PBXTargetDependency */ = {
			isa = PBXTargetDependency;
			target = 30ECDEF32564477200F06E78 /* RedditGallery */;
			targetProxy = 30ECDF192564477500F06E78 /* PBXContainerItemProxy */;
		};
/* End PBXTargetDependency section */

/* Begin PBXVariantGroup section */
		30ECDEFD2564477200F06E78 /* Main.storyboard */ = {
			isa = PBXVariantGroup;
			children = (
				30ECDEFE2564477200F06E78 /* Base */,
			);
			name = Main.storyboard;
			sourceTree = "<group>";
		};
		30ECDF052564477400F06E78 /* LaunchScreen.storyboard */ = {
			isa = PBXVariantGroup;
			children = (
				30ECDF062564477400F06E78 /* Base */,
			);
			name = LaunchScreen.storyboard;
			sourceTree = "<group>";
		};
/* End PBXVariantGroup section */

/* Begin XCBuildConfiguration section */
		30ECDF1F2564477500F06E78 /* Debug */ = {
			isa = XCBuildConfiguration;
			buildSettings = {
				ALWAYS_SEARCH_USER_PATHS = NO;
				CLANG_ANALYZER_NONNULL = YES;
				CLANG_ANALYZER_NUMBER_OBJECT_CONVERSION = YES_AGGRESSIVE;
				CLANG_CXX_LANGUAGE_STANDARD = "gnu++14";
				CLANG_CXX_LIBRARY = "libc++";
				CLANG_ENABLE_MODULES = YES;
				CLANG_ENABLE_OBJC_ARC = YES;
				CLANG_ENABLE_OBJC_WEAK = YES;
				CLANG_WARN_BLOCK_CAPTURE_AUTORELEASING = YES;
				CLANG_WARN_BOOL_CONVERSION = YES;
				CLANG_WARN_COMMA = YES;
				CLANG_WARN_CONSTANT_CONVERSION = YES;
				CLANG_WARN_DEPRECATED_OBJC_IMPLEMENTATIONS = YES;
				CLANG_WARN_DIRECT_OBJC_ISA_USAGE = YES_ERROR;
				CLANG_WARN_DOCUMENTATION_COMMENTS = YES;
				CLANG_WARN_EMPTY_BODY = YES;
				CLANG_WARN_ENUM_CONVERSION = YES;
				CLANG_WARN_INFINITE_RECURSION = YES;
				CLANG_WARN_INT_CONVERSION = YES;
				CLANG_WARN_NON_LITERAL_NULL_CONVERSION = YES;
				CLANG_WARN_OBJC_IMPLICIT_RETAIN_SELF = YES;
				CLANG_WARN_OBJC_LITERAL_CONVERSION = YES;
				CLANG_WARN_OBJC_ROOT_CLASS = YES_ERROR;
				CLANG_WARN_QUOTED_INCLUDE_IN_FRAMEWORK_HEADER = YES;
				CLANG_WARN_RANGE_LOOP_ANALYSIS = YES;
				CLANG_WARN_STRICT_PROTOTYPES = YES;
				CLANG_WARN_SUSPICIOUS_MOVE = YES;
				CLANG_WARN_UNGUARDED_AVAILABILITY = YES_AGGRESSIVE;
				CLANG_WARN_UNREACHABLE_CODE = YES;
				CLANG_WARN__DUPLICATE_METHOD_MATCH = YES;
				COPY_PHASE_STRIP = NO;
				DEBUG_INFORMATION_FORMAT = dwarf;
				ENABLE_STRICT_OBJC_MSGSEND = YES;
				ENABLE_TESTABILITY = YES;
				GCC_C_LANGUAGE_STANDARD = gnu11;
				GCC_DYNAMIC_NO_PIC = NO;
				GCC_NO_COMMON_BLOCKS = YES;
				GCC_OPTIMIZATION_LEVEL = 0;
				GCC_PREPROCESSOR_DEFINITIONS = (
					"DEBUG=1",
					"$(inherited)",
				);
				GCC_WARN_64_TO_32_BIT_CONVERSION = YES;
				GCC_WARN_ABOUT_RETURN_TYPE = YES_ERROR;
				GCC_WARN_UNDECLARED_SELECTOR = YES;
				GCC_WARN_UNINITIALIZED_AUTOS = YES_AGGRESSIVE;
				GCC_WARN_UNUSED_FUNCTION = YES;
				GCC_WARN_UNUSED_VARIABLE = YES;
				IPHONEOS_DEPLOYMENT_TARGET = 14.1;
				MTL_ENABLE_DEBUG_INFO = INCLUDE_SOURCE;
				MTL_FAST_MATH = YES;
				ONLY_ACTIVE_ARCH = YES;
				SDKROOT = iphoneos;
				SWIFT_ACTIVE_COMPILATION_CONDITIONS = DEBUG;
				SWIFT_OPTIMIZATION_LEVEL = "-Onone";
			};
			name = Debug;
		};
		30ECDF202564477500F06E78 /* Release */ = {
			isa = XCBuildConfiguration;
			buildSettings = {
				ALWAYS_SEARCH_USER_PATHS = NO;
				CLANG_ANALYZER_NONNULL = YES;
				CLANG_ANALYZER_NUMBER_OBJECT_CONVERSION = YES_AGGRESSIVE;
				CLANG_CXX_LANGUAGE_STANDARD = "gnu++14";
				CLANG_CXX_LIBRARY = "libc++";
				CLANG_ENABLE_MODULES = YES;
				CLANG_ENABLE_OBJC_ARC = YES;
				CLANG_ENABLE_OBJC_WEAK = YES;
				CLANG_WARN_BLOCK_CAPTURE_AUTORELEASING = YES;
				CLANG_WARN_BOOL_CONVERSION = YES;
				CLANG_WARN_COMMA = YES;
				CLANG_WARN_CONSTANT_CONVERSION = YES;
				CLANG_WARN_DEPRECATED_OBJC_IMPLEMENTATIONS = YES;
				CLANG_WARN_DIRECT_OBJC_ISA_USAGE = YES_ERROR;
				CLANG_WARN_DOCUMENTATION_COMMENTS = YES;
				CLANG_WARN_EMPTY_BODY = YES;
				CLANG_WARN_ENUM_CONVERSION = YES;
				CLANG_WARN_INFINITE_RECURSION = YES;
				CLANG_WARN_INT_CONVERSION = YES;
				CLANG_WARN_NON_LITERAL_NULL_CONVERSION = YES;
				CLANG_WARN_OBJC_IMPLICIT_RETAIN_SELF = YES;
				CLANG_WARN_OBJC_LITERAL_CONVERSION = YES;
				CLANG_WARN_OBJC_ROOT_CLASS = YES_ERROR;
				CLANG_WARN_QUOTED_INCLUDE_IN_FRAMEWORK_HEADER = YES;
				CLANG_WARN_RANGE_LOOP_ANALYSIS = YES;
				CLANG_WARN_STRICT_PROTOTYPES = YES;
				CLANG_WARN_SUSPICIOUS_MOVE = YES;
				CLANG_WARN_UNGUARDED_AVAILABILITY = YES_AGGRESSIVE;
				CLANG_WARN_UNREACHABLE_CODE = YES;
				CLANG_WARN__DUPLICATE_METHOD_MATCH = YES;
				COPY_PHASE_STRIP = NO;
				DEBUG_INFORMATION_FORMAT = "dwarf-with-dsym";
				ENABLE_NS_ASSERTIONS = NO;
				ENABLE_STRICT_OBJC_MSGSEND = YES;
				GCC_C_LANGUAGE_STANDARD = gnu11;
				GCC_NO_COMMON_BLOCKS = YES;
				GCC_WARN_64_TO_32_BIT_CONVERSION = YES;
				GCC_WARN_ABOUT_RETURN_TYPE = YES_ERROR;
				GCC_WARN_UNDECLARED_SELECTOR = YES;
				GCC_WARN_UNINITIALIZED_AUTOS = YES_AGGRESSIVE;
				GCC_WARN_UNUSED_FUNCTION = YES;
				GCC_WARN_UNUSED_VARIABLE = YES;
				IPHONEOS_DEPLOYMENT_TARGET = 14.1;
				MTL_ENABLE_DEBUG_INFO = NO;
				MTL_FAST_MATH = YES;
				SDKROOT = iphoneos;
				SWIFT_COMPILATION_MODE = wholemodule;
				SWIFT_OPTIMIZATION_LEVEL = "-O";
				VALIDATE_PRODUCT = YES;
			};
			name = Release;
		};
		30ECDF222564477500F06E78 /* Debug */ = {
			isa = XCBuildConfiguration;
			baseConfigurationReference = 4DEF02D0593445530A294D54 /* Pods-RedditGallery.debug.xcconfig */;
			buildSettings = {
				ASSETCATALOG_COMPILER_APPICON_NAME = AppIcon;
				ASSETCATALOG_COMPILER_GLOBAL_ACCENT_COLOR_NAME = AccentColor;
				CODE_SIGN_ENTITLEMENTS = RedditGallery/RedditGallery.entitlements;
				CODE_SIGN_STYLE = Automatic;
				DEVELOPMENT_TEAM = 398QJGV69B;
				INFOPLIST_FILE = RedditGallery/Info.plist;
				IPHONEOS_DEPLOYMENT_TARGET = 13.0;
				LD_RUNPATH_SEARCH_PATHS = (
					"$(inherited)",
					"@executable_path/Frameworks",
				);
				PRODUCT_BUNDLE_IDENTIFIER = com.RedditGallery.ncg.RedditGallery;
				PRODUCT_NAME = "$(TARGET_NAME)";
				SUPPORTS_MACCATALYST = NO;
				SWIFT_VERSION = 5.0;
				TARGETED_DEVICE_FAMILY = "1,2";
			};
			name = Debug;
		};
		30ECDF232564477500F06E78 /* Release */ = {
			isa = XCBuildConfiguration;
			baseConfigurationReference = C28C6CA4996F026C62DD7F95 /* Pods-RedditGallery.release.xcconfig */;
			buildSettings = {
				ASSETCATALOG_COMPILER_APPICON_NAME = AppIcon;
				ASSETCATALOG_COMPILER_GLOBAL_ACCENT_COLOR_NAME = AccentColor;
				CODE_SIGN_ENTITLEMENTS = RedditGallery/RedditGallery.entitlements;
				CODE_SIGN_STYLE = Automatic;
				DEVELOPMENT_TEAM = 398QJGV69B;
				INFOPLIST_FILE = RedditGallery/Info.plist;
				IPHONEOS_DEPLOYMENT_TARGET = 13.0;
				LD_RUNPATH_SEARCH_PATHS = (
					"$(inherited)",
					"@executable_path/Frameworks",
				);
				PRODUCT_BUNDLE_IDENTIFIER = com.RedditGallery.ncg.RedditGallery;
				PRODUCT_NAME = "$(TARGET_NAME)";
				SUPPORTS_MACCATALYST = NO;
				SWIFT_VERSION = 5.0;
				TARGETED_DEVICE_FAMILY = "1,2";
			};
			name = Release;
		};
		30ECDF252564477500F06E78 /* Debug */ = {
			isa = XCBuildConfiguration;
			baseConfigurationReference = 63B440B04D0EAA1D089A1DA1 /* Pods-RedditGalleryTests.debug.xcconfig */;
			buildSettings = {
				ALWAYS_EMBED_SWIFT_STANDARD_LIBRARIES = YES;
				BUNDLE_LOADER = "$(TEST_HOST)";
				CODE_SIGN_STYLE = Automatic;
				DEVELOPMENT_TEAM = 398QJGV69B;
				INFOPLIST_FILE = RedditGalleryTests/Info.plist;
				IPHONEOS_DEPLOYMENT_TARGET = 14.1;
				LD_RUNPATH_SEARCH_PATHS = (
					"$(inherited)",
					"@executable_path/Frameworks",
					"@loader_path/Frameworks",
				);
				PRODUCT_BUNDLE_IDENTIFIER = com.RedditGallery.ncg.RedditGalleryTests;
				PRODUCT_NAME = "$(TARGET_NAME)";
				SWIFT_VERSION = 5.0;
				TARGETED_DEVICE_FAMILY = "1,2";
				TEST_HOST = "$(BUILT_PRODUCTS_DIR)/RedditGallery.app/RedditGallery";
			};
			name = Debug;
		};
		30ECDF262564477500F06E78 /* Release */ = {
			isa = XCBuildConfiguration;
			baseConfigurationReference = 3E96F05935754237D5C452AA /* Pods-RedditGalleryTests.release.xcconfig */;
			buildSettings = {
				ALWAYS_EMBED_SWIFT_STANDARD_LIBRARIES = YES;
				BUNDLE_LOADER = "$(TEST_HOST)";
				CODE_SIGN_STYLE = Automatic;
				DEVELOPMENT_TEAM = 398QJGV69B;
				INFOPLIST_FILE = RedditGalleryTests/Info.plist;
				IPHONEOS_DEPLOYMENT_TARGET = 14.1;
				LD_RUNPATH_SEARCH_PATHS = (
					"$(inherited)",
					"@executable_path/Frameworks",
					"@loader_path/Frameworks",
				);
				PRODUCT_BUNDLE_IDENTIFIER = com.RedditGallery.ncg.RedditGalleryTests;
				PRODUCT_NAME = "$(TARGET_NAME)";
				SWIFT_VERSION = 5.0;
				TARGETED_DEVICE_FAMILY = "1,2";
				TEST_HOST = "$(BUILT_PRODUCTS_DIR)/RedditGallery.app/RedditGallery";
			};
			name = Release;
		};
		30ECDF282564477500F06E78 /* Debug */ = {
			isa = XCBuildConfiguration;
			baseConfigurationReference = 7F5304702D09584EDE96A71A /* Pods-RedditGallery-RedditGalleryUITests.debug.xcconfig */;
			buildSettings = {
				ALWAYS_EMBED_SWIFT_STANDARD_LIBRARIES = YES;
				CODE_SIGN_STYLE = Automatic;
				DEVELOPMENT_TEAM = 398QJGV69B;
				INFOPLIST_FILE = RedditGalleryUITests/Info.plist;
				LD_RUNPATH_SEARCH_PATHS = (
					"$(inherited)",
					"@executable_path/Frameworks",
					"@loader_path/Frameworks",
				);
				PRODUCT_BUNDLE_IDENTIFIER = com.RedditGallery.ncg.RedditGalleryUITests;
				PRODUCT_NAME = "$(TARGET_NAME)";
				SWIFT_VERSION = 5.0;
				TARGETED_DEVICE_FAMILY = "1,2";
				TEST_TARGET_NAME = RedditGallery;
			};
			name = Debug;
		};
		30ECDF292564477500F06E78 /* Release */ = {
			isa = XCBuildConfiguration;
			baseConfigurationReference = 77F6170B6FBB4140465DB5CA /* Pods-RedditGallery-RedditGalleryUITests.release.xcconfig */;
			buildSettings = {
				ALWAYS_EMBED_SWIFT_STANDARD_LIBRARIES = YES;
				CODE_SIGN_STYLE = Automatic;
				DEVELOPMENT_TEAM = 398QJGV69B;
				INFOPLIST_FILE = RedditGalleryUITests/Info.plist;
				LD_RUNPATH_SEARCH_PATHS = (
					"$(inherited)",
					"@executable_path/Frameworks",
					"@loader_path/Frameworks",
				);
				PRODUCT_BUNDLE_IDENTIFIER = com.RedditGallery.ncg.RedditGalleryUITests;
				PRODUCT_NAME = "$(TARGET_NAME)";
				SWIFT_VERSION = 5.0;
				TARGETED_DEVICE_FAMILY = "1,2";
				TEST_TARGET_NAME = RedditGallery;
			};
			name = Release;
		};
/* End XCBuildConfiguration section */

/* Begin XCConfigurationList section */
		30ECDEEF2564477200F06E78 /* Build configuration list for PBXProject "RedditGallery" */ = {
			isa = XCConfigurationList;
			buildConfigurations = (
				30ECDF1F2564477500F06E78 /* Debug */,
				30ECDF202564477500F06E78 /* Release */,
			);
			defaultConfigurationIsVisible = 0;
			defaultConfigurationName = Release;
		};
		30ECDF212564477500F06E78 /* Build configuration list for PBXNativeTarget "RedditGallery" */ = {
			isa = XCConfigurationList;
			buildConfigurations = (
				30ECDF222564477500F06E78 /* Debug */,
				30ECDF232564477500F06E78 /* Release */,
			);
			defaultConfigurationIsVisible = 0;
			defaultConfigurationName = Release;
		};
		30ECDF242564477500F06E78 /* Build configuration list for PBXNativeTarget "RedditGalleryTests" */ = {
			isa = XCConfigurationList;
			buildConfigurations = (
				30ECDF252564477500F06E78 /* Debug */,
				30ECDF262564477500F06E78 /* Release */,
			);
			defaultConfigurationIsVisible = 0;
			defaultConfigurationName = Release;
		};
		30ECDF272564477500F06E78 /* Build configuration list for PBXNativeTarget "RedditGalleryUITests" */ = {
			isa = XCConfigurationList;
			buildConfigurations = (
				30ECDF282564477500F06E78 /* Debug */,
				30ECDF292564477500F06E78 /* Release */,
			);
			defaultConfigurationIsVisible = 0;
			defaultConfigurationName = Release;
		};
/* End XCConfigurationList section */

/* Begin XCVersionGroup section */
		30ECDF002564477200F06E78 /* RedditGallery.xcdatamodeld */ = {
			isa = XCVersionGroup;
			children = (
				30ECDF012564477200F06E78 /* RedditGallery.xcdatamodel */,
			);
			currentVersion = 30ECDF012564477200F06E78 /* RedditGallery.xcdatamodel */;
			path = RedditGallery.xcdatamodeld;
			sourceTree = "<group>";
			versionGroupType = wrapper.xcdatamodel;
		};
/* End XCVersionGroup section */
	};
	rootObject = 30ECDEEC2564477200F06E78 /* Project object */;
}
